
Microsoft Visual Studio Solution File, Format Version 12.00
# Visual Studio Version 17
VisualStudioVersion = 17.0.31903.59
MinimumVisualStudioVersion = 10.0.40219.1
Project("{9A19103F-16F7-4668-BE54-9A1E7A4F7556}") = "Goodleap.Employee.Api", "src\Goodleap.Employee.Api\Goodleap.Employee.Api.csproj", "{0D75FB4C-99D6-4998-8360-1B2AFE4ACFEE}"
EndProject
Project("{2150E333-8FDC-42A3-9474-1A3956D46DE8}") = "Solution Items", "Solution Items", "{F9D0DA7A-9E9B-4E33-AB12-39056698BAE6}"
	ProjectSection(SolutionItems) = preProject
		docker-compose.yml = docker-compose.yml
	EndProjectSection
EndProject
Project("{9A19103F-16F7-4668-BE54-9A1E7A4F7556}") = "Goodleap.Employee.Core", "src\Goodleap.Employee.Core\Goodleap.Employee.Core.csproj", "{1CFACE8D-B1E5-4A1B-AE88-B5E8B61EE22E}"
EndProject
Project("{9A19103F-16F7-4668-BE54-9A1E7A4F7556}") = "Goodleap.Employee.Consumer", "src\Goodleap.Employee.Consumer\Goodleap.Employee.Consumer.csproj", "{F258BF0B-E360-49A6-BBD4-46F2EA8D9649}"
EndProject
Project("{FAE04EC0-301F-11D3-BF4B-00C04F79EFBC}") = "Goodleap.Employee.Tests", "Goodleap.Employee.Tests\Goodleap.Employee.Tests.csproj", "{6C92BA8F-E0DF-4B03-B8F0-71220FB668E8}"
EndProject
Global
	GlobalSection(SolutionConfigurationPlatforms) = preSolution
		Debug|Any CPU = Debug|Any CPU
		Release|Any CPU = Release|Any CPU
	EndGlobalSection
	GlobalSection(ProjectConfigurationPlatforms) = postSolution
		{0D75FB4C-99D6-4998-8360-1B2AFE4ACFEE}.Debug|Any CPU.ActiveCfg = Debug|Any CPU
		{0D75FB4C-99D6-4998-8360-1B2AFE4ACFEE}.Debug|Any CPU.Build.0 = Debug|Any CPU
		{0D75FB4C-99D6-4998-8360-1B2AFE4ACFEE}.Release|Any CPU.ActiveCfg = Release|Any CPU
		{0D75FB4C-99D6-4998-8360-1B2AFE4ACFEE}.Release|Any CPU.Build.0 = Release|Any CPU
		{1CFACE8D-B1E5-4A1B-AE88-B5E8B61EE22E}.Debug|Any CPU.ActiveCfg = Debug|Any CPU
		{1CFACE8D-B1E5-4A1B-AE88-B5E8B61EE22E}.Debug|Any CPU.Build.0 = Debug|Any CPU
		{1CFACE8D-B1E5-4A1B-AE88-B5E8B61EE22E}.Release|Any CPU.ActiveCfg = Release|Any CPU
		{1CFACE8D-B1E5-4A1B-AE88-B5E8B61EE22E}.Release|Any CPU.Build.0 = Release|Any CPU
		{F258BF0B-E360-49A6-BBD4-46F2EA8D9649}.Debug|Any CPU.ActiveCfg = Debug|Any CPU
		{F258BF0B-E360-49A6-BBD4-46F2EA8D9649}.Debug|Any CPU.Build.0 = Debug|Any CPU
		{F258BF0B-E360-49A6-BBD4-46F2EA8D9649}.Release|Any CPU.ActiveCfg = Release|Any CPU
		{F258BF0B-E360-49A6-BBD4-46F2EA8D9649}.Release|Any CPU.Build.0 = Release|Any CPU
		{6C92BA8F-E0DF-4B03-B8F0-71220FB668E8}.Debug|Any CPU.ActiveCfg = Debug|Any CPU
		{6C92BA8F-E0DF-4B03-B8F0-71220FB668E8}.Debug|Any CPU.Build.0 = Debug|Any CPU
		{6C92BA8F-E0DF-4B03-B8F0-71220FB668E8}.Release|Any CPU.ActiveCfg = Release|Any CPU
		{6C92BA8F-E0DF-4B03-B8F0-71220FB668E8}.Release|Any CPU.Build.0 = Release|Any CPU
	EndGlobalSection
	GlobalSection(SolutionProperties) = preSolution
		HideSolutionNode = FALSE
	EndGlobalSection
	GlobalSection(ExtensibilityGlobals) = postSolution
		SolutionGuid = {981D8B52-6439-4C05-960C-57D413BE3992}
	EndGlobalSection
EndGlobal
